
Microsoft Visual Studio Solution File, Format Version 12.00
# Visual Studio Version 17
VisualStudioVersion = 17.0.31903.59
MinimumVisualStudioVersion = 10.0.40219.1
Project("{2150E333-8FDC-42A3-9474-1A3956D46DE8}") = "src", "src", "{229A46EA-ABD9-4675-9C98-FA17E571A9B8}"
EndProject
Project("{FAE04EC0-301F-11D3-BF4B-00C04F79EFBC}") = "RMQ.Producer", "src\RMQ.Producer\RMQ.Producer.csproj", "{7CC275C0-DD47-4B4A-97A8-D8F8BCE488C1}"
EndProject
Project("{FAE04EC0-301F-11D3-BF4B-00C04F79EFBC}") = "RMQ.Consumer", "src\RMQ.Consumer\RMQ.Consumer.csproj", "{00EF2DD4-CA7B-4397-A62E-94048CB58C51}"
EndProject
Project("{FAE04EC0-301F-11D3-BF4B-00C04F79EFBC}") = "RMQ.Model", "src\RMQ.Model\RMQ.Model.csproj", "{588617E3-ADAD-443C-B00F-362D7324978E}"
EndProject
Global
	GlobalSection(SolutionConfigurationPlatforms) = preSolution
		Debug|Any CPU = Debug|Any CPU
		Release|Any CPU = Release|Any CPU
	EndGlobalSection
	GlobalSection(SolutionProperties) = preSolution
		HideSolutionNode = FALSE
	EndGlobalSection
	GlobalSection(ProjectConfigurationPlatforms) = postSolution
		{7CC275C0-DD47-4B4A-97A8-D8F8BCE488C1}.Debug|Any CPU.ActiveCfg = Debug|Any CPU
		{7CC275C0-DD47-4B4A-97A8-D8F8BCE488C1}.Debug|Any CPU.Build.0 = Debug|Any CPU
		{7CC275C0-DD47-4B4A-97A8-D8F8BCE488C1}.Release|Any CPU.ActiveCfg = Release|Any CPU
		{7CC275C0-DD47-4B4A-97A8-D8F8BCE488C1}.Release|Any CPU.Build.0 = Release|Any CPU
		{00EF2DD4-CA7B-4397-A62E-94048CB58C51}.Debug|Any CPU.ActiveCfg = Debug|Any CPU
		{00EF2DD4-CA7B-4397-A62E-94048CB58C51}.Debug|Any CPU.Build.0 = Debug|Any CPU
		{00EF2DD4-CA7B-4397-A62E-94048CB58C51}.Release|Any CPU.ActiveCfg = Release|Any CPU
		{00EF2DD4-CA7B-4397-A62E-94048CB58C51}.Release|Any CPU.Build.0 = Release|Any CPU
		{588617E3-ADAD-443C-B00F-362D7324978E}.Debug|Any CPU.ActiveCfg = Debug|Any CPU
		{588617E3-ADAD-443C-B00F-362D7324978E}.Debug|Any CPU.Build.0 = Debug|Any CPU
		{588617E3-ADAD-443C-B00F-362D7324978E}.Release|Any CPU.ActiveCfg = Release|Any CPU
		{588617E3-ADAD-443C-B00F-362D7324978E}.Release|Any CPU.Build.0 = Release|Any CPU
	EndGlobalSection
	GlobalSection(NestedProjects) = preSolution
		{7CC275C0-DD47-4B4A-97A8-D8F8BCE488C1} = {229A46EA-ABD9-4675-9C98-FA17E571A9B8}
		{00EF2DD4-CA7B-4397-A62E-94048CB58C51} = {229A46EA-ABD9-4675-9C98-FA17E571A9B8}
		{588617E3-ADAD-443C-B00F-362D7324978E} = {229A46EA-ABD9-4675-9C98-FA17E571A9B8}
	EndGlobalSection
EndGlobal
